
Microsoft Visual Studio Solution File, Format Version 12.00
# Visual Studio 2013
VisualStudioVersion = 12.0.21005.1
MinimumVisualStudioVersion = 10.0.40219.1
Project("{FAE04EC0-301F-11D3-BF4B-00C04F79EFBC}") = "Encrypteur", "Encrypteur\Encrypteur.csproj", "{C369B650-28D4-4EAC-84D7-F353DF4A8C76}"
EndProject
Project("{FAE04EC0-301F-11D3-BF4B-00C04F79EFBC}") = "DLLEncrypt", "DLLEncrypt\DLLEncrypt.csproj", "{10490FD0-F420-4B1F-8DEE-AAFA13BA6FD5}"
EndProject
Global
	GlobalSection(SolutionConfigurationPlatforms) = preSolution
		Debug|Any CPU = Debug|Any CPU
		Release|Any CPU = Release|Any CPU
	EndGlobalSection
	GlobalSection(ProjectConfigurationPlatforms) = postSolution
		{C369B650-28D4-4EAC-84D7-F353DF4A8C76}.Debug|Any CPU.ActiveCfg = Debug|Any CPU
		{C369B650-28D4-4EAC-84D7-F353DF4A8C76}.Debug|Any CPU.Build.0 = Debug|Any CPU
		{C369B650-28D4-4EAC-84D7-F353DF4A8C76}.Release|Any CPU.ActiveCfg = Release|Any CPU
		{C369B650-28D4-4EAC-84D7-F353DF4A8C76}.Release|Any CPU.Build.0 = Release|Any CPU
		{10490FD0-F420-4B1F-8DEE-AAFA13BA6FD5}.Debug|Any CPU.ActiveCfg = Debug|Any CPU
		{10490FD0-F420-4B1F-8DEE-AAFA13BA6FD5}.Debug|Any CPU.Build.0 = Debug|Any CPU
		{10490FD0-F420-4B1F-8DEE-AAFA13BA6FD5}.Release|Any CPU.ActiveCfg = Release|Any CPU
		{10490FD0-F420-4B1F-8DEE-AAFA13BA6FD5}.Release|Any CPU.Build.0 = Release|Any CPU
	EndGlobalSection
	GlobalSection(SolutionProperties) = preSolution
		HideSolutionNode = FALSE
	EndGlobalSection
EndGlobal
